// !$*UTF8*$!
{
	archiveVersion = 1;
	classes = {
	};
	objectVersion = 48;
	objects = {

/* Begin PBXBuildFile section */
		7AC2881C1F5CC0DE00EA441F /* AppDelegate.swift in Sources */ = {isa = PBXBuildFile; fileRef = 7AC2881B1F5CC0DE00EA441F /* AppDelegate.swift */; };
		7AC2881E1F5CC0DE00EA441F /* Scene.sks in Resources */ = {isa = PBXBuildFile; fileRef = 7AC2881D1F5CC0DE00EA441F /* Scene.sks */; };
		7AC288201F5CC0DE00EA441F /* Scene.swift in Sources */ = {isa = PBXBuildFile; fileRef = 7AC2881F1F5CC0DE00EA441F /* Scene.swift */; };
		7AC288221F5CC0DE00EA441F /* ViewController.swift in Sources */ = {isa = PBXBuildFile; fileRef = 7AC288211F5CC0DE00EA441F /* ViewController.swift */; };
		7AC288251F5CC0DE00EA441F /* Main.storyboard in Resources */ = {isa = PBXBuildFile; fileRef = 7AC288231F5CC0DE00EA441F /* Main.storyboard */; };
		7AC288271F5CC0DE00EA441F /* Assets.xcassets in Resources */ = {isa = PBXBuildFile; fileRef = 7AC288261F5CC0DE00EA441F /* Assets.xcassets */; };
		7AC2882A1F5CC0DE00EA441F /* LaunchScreen.storyboard in Resources */ = {isa = PBXBuildFile; fileRef = 7AC288281F5CC0DE00EA441F /* LaunchScreen.storyboard */; };
		7AC288321F5CC13E00EA441F /* AgeNet.mlmodel in Sources */ = {isa = PBXBuildFile; fileRef = 7AC288311F5CC13D00EA441F /* AgeNet.mlmodel */; };
/* End PBXBuildFile section */

/* Begin PBXFileReference section */
		7AC288181F5CC0DE00EA441F /* ARScouter.app */ = {isa = PBXFileReference; explicitFileType = wrapper.application; includeInIndex = 0; path = ARScouter.app; sourceTree = BUILT_PRODUCTS_DIR; };
		7AC2881B1F5CC0DE00EA441F /* AppDelegate.swift */ = {isa = PBXFileReference; lastKnownFileType = sourcecode.swift; path = AppDelegate.swift; sourceTree = "<group>"; };
		7AC2881D1F5CC0DE00EA441F /* Scene.sks */ = {isa = PBXFileReference; lastKnownFileType = file.sks; path = Scene.sks; sourceTree = "<group>"; };
		7AC2881F1F5CC0DE00EA441F /* Scene.swift */ = {isa = PBXFileReference; lastKnownFileType = sourcecode.swift; path = Scene.swift; sourceTree = "<group>"; };
		7AC288211F5CC0DE00EA441F /* ViewController.swift */ = {isa = PBXFileReference; lastKnownFileType = sourcecode.swift; path = ViewController.swift; sourceTree = "<group>"; };
		7AC288241F5CC0DE00EA441F /* Base */ = {isa = PBXFileReference; lastKnownFileType = file.storyboard; name = Base; path = Base.lproj/Main.storyboard; sourceTree = "<group>"; };
		7AC288261F5CC0DE00EA441F /* Assets.xcassets */ = {isa = PBXFileReference; lastKnownFileType = folder.assetcatalog; path = Assets.xcassets; sourceTree = "<group>"; };
		7AC288291F5CC0DE00EA441F /* Base */ = {isa = PBXFileReference; lastKnownFileType = file.storyboard; name = Base; path = Base.lproj/LaunchScreen.storyboard; sourceTree = "<group>"; };
		7AC2882B1F5CC0DE00EA441F /* Info.plist */ = {isa = PBXFileReference; lastKnownFileType = text.plist.xml; path = Info.plist; sourceTree = "<group>"; };
		7AC288311F5CC13D00EA441F /* AgeNet.mlmodel */ = {isa = PBXFileReference; lastKnownFileType = file.mlmodel; path = AgeNet.mlmodel; sourceTree = "<group>"; };
/* End PBXFileReference section */

/* Begin PBXFrameworksBuildPhase section */
		7AC288151F5CC0DE00EA441F /* Frameworks */ = {
			isa = PBXFrameworksBuildPhase;
			buildActionMask = 2147483647;
			files = (
			);
			runOnlyForDeploymentPostprocessing = 0;
		};
/* End PBXFrameworksBuildPhase section */

/* Begin PBXGroup section */
		7AC2880F1F5CC0DE00EA441F = {
			isa = PBXGroup;
			children = (
				7AC2881A1F5CC0DE00EA441F /* ARScouter */,
				7AC288191F5CC0DE00EA441F /* Products */,
			);
			sourceTree = "<group>";
		};
		7AC288191F5CC0DE00EA441F /* Products */ = {
			isa = PBXGroup;
			children = (
				7AC288181F5CC0DE00EA441F /* ARScouter.app */,
			);
			name = Products;
			sourceTree = "<group>";
		};
		7AC2881A1F5CC0DE00EA441F /* ARScouter */ = {
			isa = PBXGroup;
			children = (
				7AC288311F5CC13D00EA441F /* AgeNet.mlmodel */,
				7AC2881B1F5CC0DE00EA441F /* AppDelegate.swift */,
				7AC2881D1F5CC0DE00EA441F /* Scene.sks */,
				7AC2881F1F5CC0DE00EA441F /* Scene.swift */,
				7AC288211F5CC0DE00EA441F /* ViewController.swift */,
				7AC288231F5CC0DE00EA441F /* Main.storyboard */,
				7AC288261F5CC0DE00EA441F /* Assets.xcassets */,
				7AC288281F5CC0DE00EA441F /* LaunchScreen.storyboard */,
				7AC2882B1F5CC0DE00EA441F /* Info.plist */,
			);
			path = ARScouter;
			sourceTree = "<group>";
		};
/* End PBXGroup section */

/* Begin PBXNativeTarget section */
		7AC288171F5CC0DE00EA441F /* ARScouter */ = {
			isa = PBXNativeTarget;
			buildConfigurationList = 7AC2882E1F5CC0DE00EA441F /* Build configuration list for PBXNativeTarget "ARScouter" */;
			buildPhases = (
				7AC288141F5CC0DE00EA441F /* Sources */,
				7AC288151F5CC0DE00EA441F /* Frameworks */,
				7AC288161F5CC0DE00EA441F /* Resources */,
			);
			buildRules = (
			);
			dependencies = (
			);
			name = ARScouter;
			productName = ARScouter;
			productReference = 7AC288181F5CC0DE00EA441F /* ARScouter.app */;
			productType = "com.apple.product-type.application";
		};
/* End PBXNativeTarget section */

/* Begin PBXProject section */
		7AC288101F5CC0DE00EA441F /* Project object */ = {
			isa = PBXProject;
			attributes = {
				LastSwiftUpdateCheck = 0900;
				LastUpgradeCheck = 0900;
				ORGANIZATIONNAME = "Marla Na";
				TargetAttributes = {
					7AC288171F5CC0DE00EA441F = {
						CreatedOnToolsVersion = 9.0;
					};
				};
			};
			buildConfigurationList = 7AC288131F5CC0DE00EA441F /* Build configuration list for PBXProject "ARScouter" */;
			compatibilityVersion = "Xcode 8.0";
			developmentRegion = en;
			hasScannedForEncodings = 0;
			knownRegions = (
				en,
				Base,
			);
			mainGroup = 7AC2880F1F5CC0DE00EA441F;
			productRefGroup = 7AC288191F5CC0DE00EA441F /* Products */;
			projectDirPath = "";
			projectRoot = "";
			targets = (
				7AC288171F5CC0DE00EA441F /* ARScouter */,
			);
		};
/* End PBXProject section */

/* Begin PBXResourcesBuildPhase section */
		7AC288161F5CC0DE00EA441F /* Resources */ = {
			isa = PBXResourcesBuildPhase;
			buildActionMask = 2147483647;
			files = (
				7AC2881E1F5CC0DE00EA441F /* Scene.sks in Resources */,
				7AC2882A1F5CC0DE00EA441F /* LaunchScreen.storyboard in Resources */,
				7AC288271F5CC0DE00EA441F /* Assets.xcassets in Resources */,
				7AC288251F5CC0DE00EA441F /* Main.storyboard in Resources */,
			);
			runOnlyForDeploymentPostprocessing = 0;
		};
/* End PBXResourcesBuildPhase section */

/* Begin PBXSourcesBuildPhase section */
		7AC288141F5CC0DE00EA441F /* Sources */ = {
			isa = PBXSourcesBuildPhase;
			buildActionMask = 2147483647;
			files = (
				7AC288221F5CC0DE00EA441F /* ViewController.swift in Sources */,
				7AC288201F5CC0DE00EA441F /* Scene.swift in Sources */,
				7AC288321F5CC13E00EA441F /* AgeNet.mlmodel in Sources */,
				7AC2881C1F5CC0DE00EA441F /* AppDelegate.swift in Sources */,
			);
			runOnlyForDeploymentPostprocessing = 0;
		};
/* End PBXSourcesBuildPhase section */

/* Begin PBXVariantGroup section */
		7AC288231F5CC0DE00EA441F /* Main.storyboard */ = {
			isa = PBXVariantGroup;
			children = (
				7AC288241F5CC0DE00EA441F /* Base */,
			);
			name = Main.storyboard;
			sourceTree = "<group>";
		};
		7AC288281F5CC0DE00EA441F /* LaunchScreen.storyboard */ = {
			isa = PBXVariantGroup;
			children = (
				7AC288291F5CC0DE00EA441F /* Base */,
			);
			name = LaunchScreen.storyboard;
			sourceTree = "<group>";
		};
/* End PBXVariantGroup section */

/* Begin XCBuildConfiguration section */
		7AC2882C1F5CC0DE00EA441F /* Debug */ = {
			isa = XCBuildConfiguration;
			buildSettings = {
				ALWAYS_SEARCH_USER_PATHS = NO;
				CLANG_ANALYZER_NONNULL = YES;
				CLANG_ANALYZER_NUMBER_OBJECT_CONVERSION = YES_AGGRESSIVE;
				CLANG_CXX_LANGUAGE_STANDARD = "gnu++14";
				CLANG_CXX_LIBRARY = "libc++";
				CLANG_ENABLE_MODULES = YES;
				CLANG_ENABLE_OBJC_ARC = YES;
				CLANG_WARN_BLOCK_CAPTURE_AUTORELEASING = YES;
				CLANG_WARN_BOOL_CONVERSION = YES;
				CLANG_WARN_COMMA = YES;
				CLANG_WARN_CONSTANT_CONVERSION = YES;
				CLANG_WARN_DIRECT_OBJC_ISA_USAGE = YES_ERROR;
				CLANG_WARN_DOCUMENTATION_COMMENTS = YES;
				CLANG_WARN_EMPTY_BODY = YES;
				CLANG_WARN_ENUM_CONVERSION = YES;
				CLANG_WARN_INFINITE_RECURSION = YES;
				CLANG_WARN_INT_CONVERSION = YES;
				CLANG_WARN_NON_LITERAL_NULL_CONVERSION = YES;
				CLANG_WARN_OBJC_LITERAL_CONVERSION = YES;
				CLANG_WARN_OBJC_ROOT_CLASS = YES_ERROR;
				CLANG_WARN_RANGE_LOOP_ANALYSIS = YES;
				CLANG_WARN_STRICT_PROTOTYPES = YES;
				CLANG_WARN_SUSPICIOUS_MOVE = YES;
				CLANG_WARN_UNGUARDED_AVAILABILITY = YES_AGGRESSIVE;
				CLANG_WARN_UNREACHABLE_CODE = YES;
				CLANG_WARN__DUPLICATE_METHOD_MATCH = YES;
				CODE_SIGN_IDENTITY = "iPhone Developer";
				COPY_PHASE_STRIP = NO;
				DEBUG_INFORMATION_FORMAT = dwarf;
				ENABLE_STRICT_OBJC_MSGSEND = YES;
				ENABLE_TESTABILITY = YES;
				GCC_C_LANGUAGE_STANDARD = gnu11;
				GCC_DYNAMIC_NO_PIC = NO;
				GCC_NO_COMMON_BLOCKS = YES;
				GCC_OPTIMIZATION_LEVEL = 0;
				GCC_PREPROCESSOR_DEFINITIONS = (
					"DEBUG=1",
					"$(inherited)",
				);
				GCC_WARN_64_TO_32_BIT_CONVERSION = YES;
				GCC_WARN_ABOUT_RETURN_TYPE = YES_ERROR;
				GCC_WARN_UNDECLARED_SELECTOR = YES;
				GCC_WARN_UNINITIALIZED_AUTOS = YES_AGGRESSIVE;
				GCC_WARN_UNUSED_FUNCTION = YES;
				GCC_WARN_UNUSED_VARIABLE = YES;
				IPHONEOS_DEPLOYMENT_TARGET = 11.0;
				MTL_ENABLE_DEBUG_INFO = YES;
				ONLY_ACTIVE_ARCH = YES;
				SDKROOT = iphoneos;
				SWIFT_ACTIVE_COMPILATION_CONDITIONS = DEBUG;
				SWIFT_OPTIMIZATION_LEVEL = "-Onone";
			};
			name = Debug;
		};
		7AC2882D1F5CC0DE00EA441F /* Release */ = {
			isa = XCBuildConfiguration;
			buildSettings = {
				ALWAYS_SEARCH_USER_PATHS = NO;
				CLANG_ANALYZER_NONNULL = YES;
				CLANG_ANALYZER_NUMBER_OBJECT_CONVERSION = YES_AGGRESSIVE;
				CLANG_CXX_LANGUAGE_STANDARD = "gnu++14";
				CLANG_CXX_LIBRARY = "libc++";
				CLANG_ENABLE_MODULES = YES;
				CLANG_ENABLE_OBJC_ARC = YES;
				CLANG_WARN_BLOCK_CAPTURE_AUTORELEASING = YES;
				CLANG_WARN_BOOL_CONVERSION = YES;
				CLANG_WARN_COMMA = YES;
				CLANG_WARN_CONSTANT_CONVERSION = YES;
				CLANG_WARN_DIRECT_OBJC_ISA_USAGE = YES_ERROR;
				CLANG_WARN_DOCUMENTATION_COMMENTS = YES;
				CLANG_WARN_EMPTY_BODY = YES;
				CLANG_WARN_ENUM_CONVERSION = YES;
				CLANG_WARN_INFINITE_RECURSION = YES;
				CLANG_WARN_INT_CONVERSION = YES;
				CLANG_WARN_NON_LITERAL_NULL_CONVERSION = YES;
				CLANG_WARN_OBJC_LITERAL_CONVERSION = YES;
				CLANG_WARN_OBJC_ROOT_CLASS = YES_ERROR;
				CLANG_WARN_RANGE_LOOP_ANALYSIS = YES;
				CLANG_WARN_STRICT_PROTOTYPES = YES;
				CLANG_WARN_SUSPICIOUS_MOVE = YES;
				CLANG_WARN_UNGUARDED_AVAILABILITY = YES_AGGRESSIVE;
				CLANG_WARN_UNREACHABLE_CODE = YES;
				CLANG_WARN__DUPLICATE_METHOD_MATCH = YES;
				CODE_SIGN_IDENTITY = "iPhone Developer";
				COPY_PHASE_STRIP = NO;
				DEBUG_INFORMATION_FORMAT = "dwarf-with-dsym";
				ENABLE_NS_ASSERTIONS = NO;
				ENABLE_STRICT_OBJC_MSGSEND = YES;
				GCC_C_LANGUAGE_STANDARD = gnu11;
				GCC_NO_COMMON_BLOCKS = YES;
				GCC_WARN_64_TO_32_BIT_CONVERSION = YES;
				GCC_WARN_ABOUT_RETURN_TYPE = YES_ERROR;
				GCC_WARN_UNDECLARED_SELECTOR = YES;
				GCC_WARN_UNINITIALIZED_AUTOS = YES_AGGRESSIVE;
				GCC_WARN_UNUSED_FUNCTION = YES;
				GCC_WARN_UNUSED_VARIABLE = YES;
				IPHONEOS_DEPLOYMENT_TARGET = 11.0;
				MTL_ENABLE_DEBUG_INFO = NO;
				SDKROOT = iphoneos;
				SWIFT_OPTIMIZATION_LEVEL = "-Owholemodule";
				VALIDATE_PRODUCT = YES;
			};
			name = Release;
		};
		7AC2882F1F5CC0DE00EA441F /* Debug */ = {
			isa = XCBuildConfiguration;
			buildSettings = {
				ASSETCATALOG_COMPILER_APPICON_NAME = AppIcon;
				DEVELOPMENT_TEAM = UVDH2TQX74;
				INFOPLIST_FILE = ARScouter/Info.plist;
				LD_RUNPATH_SEARCH_PATHS = "$(inherited) @executable_path/Frameworks";
				PRODUCT_BUNDLE_IDENTIFIER = com.ARScouter;
				PRODUCT_NAME = "$(TARGET_NAME)";
				SWIFT_VERSION = 4.0;
				TARGETED_DEVICE_FAMILY = "1,2";
			};
			name = Debug;
		};
		7AC288301F5CC0DE00EA441F /* Release */ = {
			isa = XCBuildConfiguration;
			buildSettings = {
				ASSETCATALOG_COMPILER_APPICON_NAME = AppIcon;
				DEVELOPMENT_TEAM = UVDH2TQX74;
				INFOPLIST_FILE = ARScouter/Info.plist;
				LD_RUNPATH_SEARCH_PATHS = "$(inherited) @executable_path/Frameworks";
				PRODUCT_BUNDLE_IDENTIFIER = com.ARScouter;
				PRODUCT_NAME = "$(TARGET_NAME)";
				SWIFT_VERSION = 4.0;
				TARGETED_DEVICE_FAMILY = "1,2";
			};
			name = Release;
		};
/* End XCBuildConfiguration section */

/* Begin XCConfigurationList section */
		7AC288131F5CC0DE00EA441F /* Build configuration list for PBXProject "ARScouter" */ = {
			isa = XCConfigurationList;
			buildConfigurations = (
				7AC2882C1F5CC0DE00EA441F /* Debug */,
				7AC2882D1F5CC0DE00EA441F /* Release */,
			);
			defaultConfigurationIsVisible = 0;
			defaultConfigurationName = Release;
		};
		7AC2882E1F5CC0DE00EA441F /* Build configuration list for PBXNativeTarget "ARScouter" */ = {
			isa = XCConfigurationList;
			buildConfigurations = (
				7AC2882F1F5CC0DE00EA441F /* Debug */,
				7AC288301F5CC0DE00EA441F /* Release */,
			);
			defaultConfigurationIsVisible = 0;
			defaultConfigurationName = Release;
		};
/* End XCConfigurationList section */
	};
	rootObject = 7AC288101F5CC0DE00EA441F /* Project object */;
}
